// !$*UTF8*$!
{
	archiveVersion = 1;
	classes = {
	};
	objectVersion = 56;
	objects = {

/* Begin PBXBuildFile section */
		0FA3523B2C4106410050090F /* LoginFeature.swift in Sources */ = {isa = PBXBuildFile; fileRef = 0FA3523A2C4106410050090F /* LoginFeature.swift */; };
		0FA3523D2C41064C0050090F /* LoginView.swift in Sources */ = {isa = PBXBuildFile; fileRef = 0FA3523C2C41064C0050090F /* LoginView.swift */; };
		0FA3523F2C41065B0050090F /* NoticeFeature.swift in Sources */ = {isa = PBXBuildFile; fileRef = 0FA3523E2C41065B0050090F /* NoticeFeature.swift */; };
		0FA352412C4106660050090F /* NoticeView.swift in Sources */ = {isa = PBXBuildFile; fileRef = 0FA352402C4106660050090F /* NoticeView.swift */; };
		0FA352432C4106E30050090F /* FacilityComplainFeature.swift in Sources */ = {isa = PBXBuildFile; fileRef = 0FA352422C4106E30050090F /* FacilityComplainFeature.swift */; };
		0FA352452C4106EB0050090F /* FacilityComplainView.swift in Sources */ = {isa = PBXBuildFile; fileRef = 0FA352442C4106EB0050090F /* FacilityComplainView.swift */; };
		0FA352472C4106FA0050090F /* LifeComplainFeature.swift in Sources */ = {isa = PBXBuildFile; fileRef = 0FA352462C4106FA0050090F /* LifeComplainFeature.swift */; };
		0FA352492C4107070050090F /* LifeComplainView.swift in Sources */ = {isa = PBXBuildFile; fileRef = 0FA352482C4107070050090F /* LifeComplainView.swift */; };
		0FA3524B2C4107120050090F /* MealFeature.swift in Sources */ = {isa = PBXBuildFile; fileRef = 0FA3524A2C4107120050090F /* MealFeature.swift */; };
		0FA3524D2C41071B0050090F /* MealView.swift in Sources */ = {isa = PBXBuildFile; fileRef = 0FA3524C2C41071B0050090F /* MealView.swift */; };
		0FA3524F2C4107260050090F /* MypageFeature.swift in Sources */ = {isa = PBXBuildFile; fileRef = 0FA3524E2C4107260050090F /* MypageFeature.swift */; };
		0FA352512C4107300050090F /* MypageView.swift in Sources */ = {isa = PBXBuildFile; fileRef = 0FA352502C4107300050090F /* MypageView.swift */; };
		0FA352552C4107DA0050090F /* ComposableArchitecture in Frameworks */ = {isa = PBXBuildFile; productRef = 0FA352542C4107DA0050090F /* ComposableArchitecture */; };
		0FA352572C4112660050090F /* TextField.swift in Sources */ = {isa = PBXBuildFile; fileRef = 0FA352562C4112660050090F /* TextField.swift */; };
		0FC1A78C2C4E833C001BF110 /* TabBarItem.swift in Sources */ = {isa = PBXBuildFile; fileRef = 0FC1A78B2C4E833C001BF110 /* TabBarItem.swift */; };
		0FC1A78F2C4E83DB001BF110 /* CustomTabBarView.swift in Sources */ = {isa = PBXBuildFile; fileRef = 0FC1A78E2C4E83DB001BF110 /* CustomTabBarView.swift */; };
		0FC1A7912C4E83EE001BF110 /* CustomTabBarContainerView.swift in Sources */ = {isa = PBXBuildFile; fileRef = 0FC1A7902C4E83EE001BF110 /* CustomTabBarContainerView.swift */; };
		0FC1A7932C4E83FF001BF110 /* TabBarItemPreferenceKey.swift in Sources */ = {isa = PBXBuildFile; fileRef = 0FC1A7922C4E83FF001BF110 /* TabBarItemPreferenceKey.swift */; };
		0FC1A7962C4E87EB001BF110 /* TabFeature.swift in Sources */ = {isa = PBXBuildFile; fileRef = 0FC1A7952C4E87EB001BF110 /* TabFeature.swift */; };
		0FC1A7982C4E87F4001BF110 /* TabView.swift in Sources */ = {isa = PBXBuildFile; fileRef = 0FC1A7972C4E87F4001BF110 /* TabView.swift */; };
		0FC1A8282C4F9BC1001BF110 /* ComplainFeature.swift in Sources */ = {isa = PBXBuildFile; fileRef = 0FC1A8272C4F9BC1001BF110 /* ComplainFeature.swift */; };
		0FC1A82A2C4F9BC9001BF110 /* ComplainView.swift in Sources */ = {isa = PBXBuildFile; fileRef = 0FC1A8292C4F9BC9001BF110 /* ComplainView.swift */; };
		0FF2F5D62C3FC7F100224D50 /* Sejong_DomitoryApp.swift in Sources */ = {isa = PBXBuildFile; fileRef = 0FF2F5D52C3FC7F100224D50 /* Sejong_DomitoryApp.swift */; };
		0FF2F5D82C3FC7F100224D50 /* ContentView.swift in Sources */ = {isa = PBXBuildFile; fileRef = 0FF2F5D72C3FC7F100224D50 /* ContentView.swift */; };
		0FF2F5DA2C3FC7F200224D50 /* Assets.xcassets in Resources */ = {isa = PBXBuildFile; fileRef = 0FF2F5D92C3FC7F200224D50 /* Assets.xcassets */; };
		0FF2F5DD2C3FC7F200224D50 /* Preview Assets.xcassets in Resources */ = {isa = PBXBuildFile; fileRef = 0FF2F5DC2C3FC7F200224D50 /* Preview Assets.xcassets */; };
		0FF2F5E72C3FC7F200224D50 /* Sejong_DomitoryTests.swift in Sources */ = {isa = PBXBuildFile; fileRef = 0FF2F5E62C3FC7F200224D50 /* Sejong_DomitoryTests.swift */; };
		0FF2F5F12C3FC7F200224D50 /* Sejong_DomitoryUITests.swift in Sources */ = {isa = PBXBuildFile; fileRef = 0FF2F5F02C3FC7F200224D50 /* Sejong_DomitoryUITests.swift */; };
		0FF2F5F32C3FC7F200224D50 /* Sejong_DomitoryUITestsLaunchTests.swift in Sources */ = {isa = PBXBuildFile; fileRef = 0FF2F5F22C3FC7F200224D50 /* Sejong_DomitoryUITestsLaunchTests.swift */; };
/* End PBXBuildFile section */

/* Begin PBXContainerItemProxy section */
		0FF2F5E32C3FC7F200224D50 /* PBXContainerItemProxy */ = {
			isa = PBXContainerItemProxy;
			containerPortal = 0FF2F5CA2C3FC7F100224D50 /* Project object */;
			proxyType = 1;
			remoteGlobalIDString = 0FF2F5D12C3FC7F100224D50;
			remoteInfo = Sejong_Domitory;
		};
		0FF2F5ED2C3FC7F200224D50 /* PBXContainerItemProxy */ = {
			isa = PBXContainerItemProxy;
			containerPortal = 0FF2F5CA2C3FC7F100224D50 /* Project object */;
			proxyType = 1;
			remoteGlobalIDString = 0FF2F5D12C3FC7F100224D50;
			remoteInfo = Sejong_Domitory;
		};
/* End PBXContainerItemProxy section */

/* Begin PBXFileReference section */
		0FA3523A2C4106410050090F /* LoginFeature.swift */ = {isa = PBXFileReference; lastKnownFileType = sourcecode.swift; path = LoginFeature.swift; sourceTree = "<group>"; };
		0FA3523C2C41064C0050090F /* LoginView.swift */ = {isa = PBXFileReference; lastKnownFileType = sourcecode.swift; path = LoginView.swift; sourceTree = "<group>"; };
		0FA3523E2C41065B0050090F /* NoticeFeature.swift */ = {isa = PBXFileReference; lastKnownFileType = sourcecode.swift; path = NoticeFeature.swift; sourceTree = "<group>"; };
		0FA352402C4106660050090F /* NoticeView.swift */ = {isa = PBXFileReference; lastKnownFileType = sourcecode.swift; path = NoticeView.swift; sourceTree = "<group>"; };
		0FA352422C4106E30050090F /* FacilityComplainFeature.swift */ = {isa = PBXFileReference; lastKnownFileType = sourcecode.swift; path = FacilityComplainFeature.swift; sourceTree = "<group>"; };
		0FA352442C4106EB0050090F /* FacilityComplainView.swift */ = {isa = PBXFileReference; lastKnownFileType = sourcecode.swift; path = FacilityComplainView.swift; sourceTree = "<group>"; };
		0FA352462C4106FA0050090F /* LifeComplainFeature.swift */ = {isa = PBXFileReference; lastKnownFileType = sourcecode.swift; path = LifeComplainFeature.swift; sourceTree = "<group>"; };
		0FA352482C4107070050090F /* LifeComplainView.swift */ = {isa = PBXFileReference; lastKnownFileType = sourcecode.swift; path = LifeComplainView.swift; sourceTree = "<group>"; };
		0FA3524A2C4107120050090F /* MealFeature.swift */ = {isa = PBXFileReference; lastKnownFileType = sourcecode.swift; path = MealFeature.swift; sourceTree = "<group>"; };
		0FA3524C2C41071B0050090F /* MealView.swift */ = {isa = PBXFileReference; lastKnownFileType = sourcecode.swift; path = MealView.swift; sourceTree = "<group>"; };
		0FA3524E2C4107260050090F /* MypageFeature.swift */ = {isa = PBXFileReference; lastKnownFileType = sourcecode.swift; path = MypageFeature.swift; sourceTree = "<group>"; };
		0FA352502C4107300050090F /* MypageView.swift */ = {isa = PBXFileReference; lastKnownFileType = sourcecode.swift; path = MypageView.swift; sourceTree = "<group>"; };
		0FA352562C4112660050090F /* TextField.swift */ = {isa = PBXFileReference; lastKnownFileType = sourcecode.swift; path = TextField.swift; sourceTree = "<group>"; };
		0FC1A78B2C4E833C001BF110 /* TabBarItem.swift */ = {isa = PBXFileReference; lastKnownFileType = sourcecode.swift; path = TabBarItem.swift; sourceTree = "<group>"; };
		0FC1A78E2C4E83DB001BF110 /* CustomTabBarView.swift */ = {isa = PBXFileReference; lastKnownFileType = sourcecode.swift; path = CustomTabBarView.swift; sourceTree = "<group>"; };
		0FC1A7902C4E83EE001BF110 /* CustomTabBarContainerView.swift */ = {isa = PBXFileReference; lastKnownFileType = sourcecode.swift; path = CustomTabBarContainerView.swift; sourceTree = "<group>"; };
		0FC1A7922C4E83FF001BF110 /* TabBarItemPreferenceKey.swift */ = {isa = PBXFileReference; lastKnownFileType = sourcecode.swift; path = TabBarItemPreferenceKey.swift; sourceTree = "<group>"; };
		0FC1A7952C4E87EB001BF110 /* TabFeature.swift */ = {isa = PBXFileReference; lastKnownFileType = sourcecode.swift; path = TabFeature.swift; sourceTree = "<group>"; };
		0FC1A7972C4E87F4001BF110 /* TabView.swift */ = {isa = PBXFileReference; lastKnownFileType = sourcecode.swift; path = TabView.swift; sourceTree = "<group>"; };
		0FC1A8272C4F9BC1001BF110 /* ComplainFeature.swift */ = {isa = PBXFileReference; lastKnownFileType = sourcecode.swift; path = ComplainFeature.swift; sourceTree = "<group>"; };
		0FC1A8292C4F9BC9001BF110 /* ComplainView.swift */ = {isa = PBXFileReference; lastKnownFileType = sourcecode.swift; path = ComplainView.swift; sourceTree = "<group>"; };
		0FF2F5D22C3FC7F100224D50 /* Sejong_Domitory.app */ = {isa = PBXFileReference; explicitFileType = wrapper.application; includeInIndex = 0; path = Sejong_Domitory.app; sourceTree = BUILT_PRODUCTS_DIR; };
		0FF2F5D52C3FC7F100224D50 /* Sejong_DomitoryApp.swift */ = {isa = PBXFileReference; lastKnownFileType = sourcecode.swift; path = Sejong_DomitoryApp.swift; sourceTree = "<group>"; };
		0FF2F5D72C3FC7F100224D50 /* ContentView.swift */ = {isa = PBXFileReference; lastKnownFileType = sourcecode.swift; path = ContentView.swift; sourceTree = "<group>"; };
		0FF2F5D92C3FC7F200224D50 /* Assets.xcassets */ = {isa = PBXFileReference; lastKnownFileType = folder.assetcatalog; path = Assets.xcassets; sourceTree = "<group>"; };
		0FF2F5DC2C3FC7F200224D50 /* Preview Assets.xcassets */ = {isa = PBXFileReference; lastKnownFileType = folder.assetcatalog; path = "Preview Assets.xcassets"; sourceTree = "<group>"; };
		0FF2F5E22C3FC7F200224D50 /* Sejong_DomitoryTests.xctest */ = {isa = PBXFileReference; explicitFileType = wrapper.cfbundle; includeInIndex = 0; path = Sejong_DomitoryTests.xctest; sourceTree = BUILT_PRODUCTS_DIR; };
		0FF2F5E62C3FC7F200224D50 /* Sejong_DomitoryTests.swift */ = {isa = PBXFileReference; lastKnownFileType = sourcecode.swift; path = Sejong_DomitoryTests.swift; sourceTree = "<group>"; };
		0FF2F5EC2C3FC7F200224D50 /* Sejong_DomitoryUITests.xctest */ = {isa = PBXFileReference; explicitFileType = wrapper.cfbundle; includeInIndex = 0; path = Sejong_DomitoryUITests.xctest; sourceTree = BUILT_PRODUCTS_DIR; };
		0FF2F5F02C3FC7F200224D50 /* Sejong_DomitoryUITests.swift */ = {isa = PBXFileReference; lastKnownFileType = sourcecode.swift; path = Sejong_DomitoryUITests.swift; sourceTree = "<group>"; };
		0FF2F5F22C3FC7F200224D50 /* Sejong_DomitoryUITestsLaunchTests.swift */ = {isa = PBXFileReference; lastKnownFileType = sourcecode.swift; path = Sejong_DomitoryUITestsLaunchTests.swift; sourceTree = "<group>"; };
/* End PBXFileReference section */

/* Begin PBXFrameworksBuildPhase section */
		0FF2F5CF2C3FC7F100224D50 /* Frameworks */ = {
			isa = PBXFrameworksBuildPhase;
			buildActionMask = 2147483647;
			files = (
				0FA352552C4107DA0050090F /* ComposableArchitecture in Frameworks */,
			);
			runOnlyForDeploymentPostprocessing = 0;
		};
		0FF2F5DF2C3FC7F200224D50 /* Frameworks */ = {
			isa = PBXFrameworksBuildPhase;
			buildActionMask = 2147483647;
			files = (
			);
			runOnlyForDeploymentPostprocessing = 0;
		};
		0FF2F5E92C3FC7F200224D50 /* Frameworks */ = {
			isa = PBXFrameworksBuildPhase;
			buildActionMask = 2147483647;
			files = (
			);
			runOnlyForDeploymentPostprocessing = 0;
		};
/* End PBXFrameworksBuildPhase section */

/* Begin PBXGroup section */
		0FA3522D2C40FC5C0050090F /* Application */ = {
			isa = PBXGroup;
			children = (
				0FA352372C4106030050090F /* App */,
				0FC1A7942C4E87D1001BF110 /* TabView */,
				0FA352322C4105C40050090F /* Login */,
				0FA352332C4105CB0050090F /* Notice */,
				0FA352342C4105D30050090F /* Complain */,
				0FA352362C4105E00050090F /* Meal */,
				0FA352352C4105DA0050090F /* Mypage */,
			);
			path = Application;
			sourceTree = "<group>";
		};
		0FA3522E2C40FC650050090F /* DesignSystem */ = {
			isa = PBXGroup;
			children = (
				0FA352522C41073F0050090F /* Component */,
			);
			path = DesignSystem;
			sourceTree = "<group>";
		};
		0FA3522F2C40FCF00050090F /* Resource */ = {
			isa = PBXGroup;
			children = (
				0FF2F5D92C3FC7F200224D50 /* Assets.xcassets */,
			);
			path = Resource;
			sourceTree = "<group>";
		};
		0FA352302C40FD000050090F /* Data */ = {
			isa = PBXGroup;
			children = (
			);
			path = Data;
			sourceTree = "<group>";
		};
		0FA352312C40FD940050090F /* Utility */ = {
			isa = PBXGroup;
			children = (
			);
			path = Utility;
			sourceTree = "<group>";
		};
		0FA352322C4105C40050090F /* Login */ = {
			isa = PBXGroup;
			children = (
				0FA3523A2C4106410050090F /* LoginFeature.swift */,
				0FA3523C2C41064C0050090F /* LoginView.swift */,
			);
			path = Login;
			sourceTree = "<group>";
		};
		0FA352332C4105CB0050090F /* Notice */ = {
			isa = PBXGroup;
			children = (
				0FA3523E2C41065B0050090F /* NoticeFeature.swift */,
				0FA352402C4106660050090F /* NoticeView.swift */,
			);
			path = Notice;
			sourceTree = "<group>";
		};
		0FA352342C4105D30050090F /* Complain */ = {
			isa = PBXGroup;
			children = (
				0FC1A8262C4F9BB0001BF110 /* Complain */,
				0FA352392C41061E0050090F /* FacilityComplain */,
				0FA352382C4106140050090F /* LifeComplain */,
			);
			path = Complain;
			sourceTree = "<group>";
		};
		0FA352352C4105DA0050090F /* Mypage */ = {
			isa = PBXGroup;
			children = (
				0FA3524E2C4107260050090F /* MypageFeature.swift */,
				0FA352502C4107300050090F /* MypageView.swift */,
			);
			path = Mypage;
			sourceTree = "<group>";
		};
		0FA352362C4105E00050090F /* Meal */ = {
			isa = PBXGroup;
			children = (
				0FA3524A2C4107120050090F /* MealFeature.swift */,
				0FA3524C2C41071B0050090F /* MealView.swift */,
			);
			path = Meal;
			sourceTree = "<group>";
		};
		0FA352372C4106030050090F /* App */ = {
			isa = PBXGroup;
			children = (
				0FF2F5D72C3FC7F100224D50 /* ContentView.swift */,
				0FF2F5D52C3FC7F100224D50 /* Sejong_DomitoryApp.swift */,
			);
			path = App;
			sourceTree = "<group>";
		};
		0FA352382C4106140050090F /* LifeComplain */ = {
			isa = PBXGroup;
			children = (
				0FA352462C4106FA0050090F /* LifeComplainFeature.swift */,
				0FA352482C4107070050090F /* LifeComplainView.swift */,
			);
			path = LifeComplain;
			sourceTree = "<group>";
		};
		0FA352392C41061E0050090F /* FacilityComplain */ = {
			isa = PBXGroup;
			children = (
				0FA352422C4106E30050090F /* FacilityComplainFeature.swift */,
				0FA352442C4106EB0050090F /* FacilityComplainView.swift */,
			);
			path = FacilityComplain;
			sourceTree = "<group>";
		};
		0FA352522C41073F0050090F /* Component */ = {
			isa = PBXGroup;
			children = (
				0FC1A78D2C4E8395001BF110 /* CustomTabBar */,
				0FA352562C4112660050090F /* TextField.swift */,
			);
			path = Component;
			sourceTree = "<group>";
		};
		0FC1A78D2C4E8395001BF110 /* CustomTabBar */ = {
			isa = PBXGroup;
			children = (
				0FC1A78B2C4E833C001BF110 /* TabBarItem.swift */,
				0FC1A78E2C4E83DB001BF110 /* CustomTabBarView.swift */,
				0FC1A7902C4E83EE001BF110 /* CustomTabBarContainerView.swift */,
				0FC1A7922C4E83FF001BF110 /* TabBarItemPreferenceKey.swift */,
			);
			path = CustomTabBar;
			sourceTree = "<group>";
		};
		0FC1A7942C4E87D1001BF110 /* TabView */ = {
			isa = PBXGroup;
			children = (
				0FC1A7952C4E87EB001BF110 /* TabFeature.swift */,
				0FC1A7972C4E87F4001BF110 /* TabView.swift */,
			);
			path = TabView;
			sourceTree = "<group>";
		};
		0FC1A8262C4F9BB0001BF110 /* Complain */ = {
			isa = PBXGroup;
			children = (
				0FC1A8272C4F9BC1001BF110 /* ComplainFeature.swift */,
				0FC1A8292C4F9BC9001BF110 /* ComplainView.swift */,
			);
			path = Complain;
			sourceTree = "<group>";
		};
		0FF2F5C92C3FC7F100224D50 = {
			isa = PBXGroup;
			children = (
				0FF2F5D42C3FC7F100224D50 /* Sejong_Domitory */,
				0FF2F5E52C3FC7F200224D50 /* Sejong_DomitoryTests */,
				0FF2F5EF2C3FC7F200224D50 /* Sejong_DomitoryUITests */,
				0FF2F5D32C3FC7F100224D50 /* Products */,
			);
			sourceTree = "<group>";
		};
		0FF2F5D32C3FC7F100224D50 /* Products */ = {
			isa = PBXGroup;
			children = (
				0FF2F5D22C3FC7F100224D50 /* Sejong_Domitory.app */,
				0FF2F5E22C3FC7F200224D50 /* Sejong_DomitoryTests.xctest */,
				0FF2F5EC2C3FC7F200224D50 /* Sejong_DomitoryUITests.xctest */,
			);
			name = Products;
			sourceTree = "<group>";
		};
		0FF2F5D42C3FC7F100224D50 /* Sejong_Domitory */ = {
			isa = PBXGroup;
			children = (
				0FA3522D2C40FC5C0050090F /* Application */,
				0FA352302C40FD000050090F /* Data */,
				0FA3522E2C40FC650050090F /* DesignSystem */,
				0FA352312C40FD940050090F /* Utility */,
				0FA3522F2C40FCF00050090F /* Resource */,
				0FF2F5DB2C3FC7F200224D50 /* Preview Content */,
			);
			path = Sejong_Domitory;
			sourceTree = "<group>";
		};
		0FF2F5DB2C3FC7F200224D50 /* Preview Content */ = {
			isa = PBXGroup;
			children = (
				0FF2F5DC2C3FC7F200224D50 /* Preview Assets.xcassets */,
			);
			path = "Preview Content";
			sourceTree = "<group>";
		};
		0FF2F5E52C3FC7F200224D50 /* Sejong_DomitoryTests */ = {
			isa = PBXGroup;
			children = (
				0FF2F5E62C3FC7F200224D50 /* Sejong_DomitoryTests.swift */,
			);
			path = Sejong_DomitoryTests;
			sourceTree = "<group>";
		};
		0FF2F5EF2C3FC7F200224D50 /* Sejong_DomitoryUITests */ = {
			isa = PBXGroup;
			children = (
				0FF2F5F02C3FC7F200224D50 /* Sejong_DomitoryUITests.swift */,
				0FF2F5F22C3FC7F200224D50 /* Sejong_DomitoryUITestsLaunchTests.swift */,
			);
			path = Sejong_DomitoryUITests;
			sourceTree = "<group>";
		};
/* End PBXGroup section */

/* Begin PBXNativeTarget section */
		0FF2F5D12C3FC7F100224D50 /* Sejong_Domitory */ = {
			isa = PBXNativeTarget;
			buildConfigurationList = 0FF2F5F62C3FC7F200224D50 /* Build configuration list for PBXNativeTarget "Sejong_Domitory" */;
			buildPhases = (
				0FF2F5CE2C3FC7F100224D50 /* Sources */,
				0FF2F5CF2C3FC7F100224D50 /* Frameworks */,
				0FF2F5D02C3FC7F100224D50 /* Resources */,
			);
			buildRules = (
			);
			dependencies = (
			);
			name = Sejong_Domitory;
			packageProductDependencies = (
				0FA352542C4107DA0050090F /* ComposableArchitecture */,
			);
			productName = Sejong_Domitory;
			productReference = 0FF2F5D22C3FC7F100224D50 /* Sejong_Domitory.app */;
			productType = "com.apple.product-type.application";
		};
		0FF2F5E12C3FC7F200224D50 /* Sejong_DomitoryTests */ = {
			isa = PBXNativeTarget;
			buildConfigurationList = 0FF2F5F92C3FC7F200224D50 /* Build configuration list for PBXNativeTarget "Sejong_DomitoryTests" */;
			buildPhases = (
				0FF2F5DE2C3FC7F200224D50 /* Sources */,
				0FF2F5DF2C3FC7F200224D50 /* Frameworks */,
				0FF2F5E02C3FC7F200224D50 /* Resources */,
			);
			buildRules = (
			);
			dependencies = (
				0FF2F5E42C3FC7F200224D50 /* PBXTargetDependency */,
			);
			name = Sejong_DomitoryTests;
			productName = Sejong_DomitoryTests;
			productReference = 0FF2F5E22C3FC7F200224D50 /* Sejong_DomitoryTests.xctest */;
			productType = "com.apple.product-type.bundle.unit-test";
		};
		0FF2F5EB2C3FC7F200224D50 /* Sejong_DomitoryUITests */ = {
			isa = PBXNativeTarget;
			buildConfigurationList = 0FF2F5FC2C3FC7F200224D50 /* Build configuration list for PBXNativeTarget "Sejong_DomitoryUITests" */;
			buildPhases = (
				0FF2F5E82C3FC7F200224D50 /* Sources */,
				0FF2F5E92C3FC7F200224D50 /* Frameworks */,
				0FF2F5EA2C3FC7F200224D50 /* Resources */,
			);
			buildRules = (
			);
			dependencies = (
				0FF2F5EE2C3FC7F200224D50 /* PBXTargetDependency */,
			);
			name = Sejong_DomitoryUITests;
			productName = Sejong_DomitoryUITests;
			productReference = 0FF2F5EC2C3FC7F200224D50 /* Sejong_DomitoryUITests.xctest */;
			productType = "com.apple.product-type.bundle.ui-testing";
		};
/* End PBXNativeTarget section */

/* Begin PBXProject section */
		0FF2F5CA2C3FC7F100224D50 /* Project object */ = {
			isa = PBXProject;
			attributes = {
				BuildIndependentTargetsInParallel = 1;
				LastSwiftUpdateCheck = 1520;
				LastUpgradeCheck = 1520;
				TargetAttributes = {
					0FF2F5D12C3FC7F100224D50 = {
						CreatedOnToolsVersion = 15.2;
					};
					0FF2F5E12C3FC7F200224D50 = {
						CreatedOnToolsVersion = 15.2;
						TestTargetID = 0FF2F5D12C3FC7F100224D50;
					};
					0FF2F5EB2C3FC7F200224D50 = {
						CreatedOnToolsVersion = 15.2;
						TestTargetID = 0FF2F5D12C3FC7F100224D50;
					};
				};
			};
			buildConfigurationList = 0FF2F5CD2C3FC7F100224D50 /* Build configuration list for PBXProject "Sejong_Domitory" */;
			compatibilityVersion = "Xcode 14.0";
			developmentRegion = en;
			hasScannedForEncodings = 0;
			knownRegions = (
				en,
				Base,
			);
			mainGroup = 0FF2F5C92C3FC7F100224D50;
			packageReferences = (
				0FA352532C4107DA0050090F /* XCRemoteSwiftPackageReference "swift-composable-architecture" */,
			);
			productRefGroup = 0FF2F5D32C3FC7F100224D50 /* Products */;
			projectDirPath = "";
			projectRoot = "";
			targets = (
				0FF2F5D12C3FC7F100224D50 /* Sejong_Domitory */,
				0FF2F5E12C3FC7F200224D50 /* Sejong_DomitoryTests */,
				0FF2F5EB2C3FC7F200224D50 /* Sejong_DomitoryUITests */,
			);
		};
/* End PBXProject section */

/* Begin PBXResourcesBuildPhase section */
		0FF2F5D02C3FC7F100224D50 /* Resources */ = {
			isa = PBXResourcesBuildPhase;
			buildActionMask = 2147483647;
			files = (
				0FF2F5DD2C3FC7F200224D50 /* Preview Assets.xcassets in Resources */,
				0FF2F5DA2C3FC7F200224D50 /* Assets.xcassets in Resources */,
			);
			runOnlyForDeploymentPostprocessing = 0;
		};
		0FF2F5E02C3FC7F200224D50 /* Resources */ = {
			isa = PBXResourcesBuildPhase;
			buildActionMask = 2147483647;
			files = (
			);
			runOnlyForDeploymentPostprocessing = 0;
		};
		0FF2F5EA2C3FC7F200224D50 /* Resources */ = {
			isa = PBXResourcesBuildPhase;
			buildActionMask = 2147483647;
			files = (
			);
			runOnlyForDeploymentPostprocessing = 0;
		};
/* End PBXResourcesBuildPhase section */

/* Begin PBXSourcesBuildPhase section */
		0FF2F5CE2C3FC7F100224D50 /* Sources */ = {
			isa = PBXSourcesBuildPhase;
			buildActionMask = 2147483647;
			files = (
				0FA352452C4106EB0050090F /* FacilityComplainView.swift in Sources */,
				0FA352492C4107070050090F /* LifeComplainView.swift in Sources */,
				0FA3524B2C4107120050090F /* MealFeature.swift in Sources */,
				0FC1A78C2C4E833C001BF110 /* TabBarItem.swift in Sources */,
				0FC1A7982C4E87F4001BF110 /* TabView.swift in Sources */,
				0FC1A78F2C4E83DB001BF110 /* CustomTabBarView.swift in Sources */,
				0FA352572C4112660050090F /* TextField.swift in Sources */,
				0FA352412C4106660050090F /* NoticeView.swift in Sources */,
				0FF2F5D82C3FC7F100224D50 /* ContentView.swift in Sources */,
				0FA3524F2C4107260050090F /* MypageFeature.swift in Sources */,
				0FC1A82A2C4F9BC9001BF110 /* ComplainView.swift in Sources */,
				0FC1A7932C4E83FF001BF110 /* TabBarItemPreferenceKey.swift in Sources */,
				0FC1A7962C4E87EB001BF110 /* TabFeature.swift in Sources */,
				0FF2F5D62C3FC7F100224D50 /* Sejong_DomitoryApp.swift in Sources */,
				0FA3523D2C41064C0050090F /* LoginView.swift in Sources */,
				0FA3523B2C4106410050090F /* LoginFeature.swift in Sources */,
				0FA352512C4107300050090F /* MypageView.swift in Sources */,
				0FC1A7912C4E83EE001BF110 /* CustomTabBarContainerView.swift in Sources */,
				0FA352472C4106FA0050090F /* LifeComplainFeature.swift in Sources */,
				0FA352432C4106E30050090F /* FacilityComplainFeature.swift in Sources */,
				0FC1A8282C4F9BC1001BF110 /* ComplainFeature.swift in Sources */,
				0FA3523F2C41065B0050090F /* NoticeFeature.swift in Sources */,
				0FA3524D2C41071B0050090F /* MealView.swift in Sources */,
			);
			runOnlyForDeploymentPostprocessing = 0;
		};
		0FF2F5DE2C3FC7F200224D50 /* Sources */ = {
			isa = PBXSourcesBuildPhase;
			buildActionMask = 2147483647;
			files = (
				0FF2F5E72C3FC7F200224D50 /* Sejong_DomitoryTests.swift in Sources */,
			);
			runOnlyForDeploymentPostprocessing = 0;
		};
		0FF2F5E82C3FC7F200224D50 /* Sources */ = {
			isa = PBXSourcesBuildPhase;
			buildActionMask = 2147483647;
			files = (
				0FF2F5F12C3FC7F200224D50 /* Sejong_DomitoryUITests.swift in Sources */,
				0FF2F5F32C3FC7F200224D50 /* Sejong_DomitoryUITestsLaunchTests.swift in Sources */,
			);
			runOnlyForDeploymentPostprocessing = 0;
		};
/* End PBXSourcesBuildPhase section */

/* Begin PBXTargetDependency section */
		0FF2F5E42C3FC7F200224D50 /* PBXTargetDependency */ = {
			isa = PBXTargetDependency;
			target = 0FF2F5D12C3FC7F100224D50 /* Sejong_Domitory */;
			targetProxy = 0FF2F5E32C3FC7F200224D50 /* PBXContainerItemProxy */;
		};
		0FF2F5EE2C3FC7F200224D50 /* PBXTargetDependency */ = {
			isa = PBXTargetDependency;
			target = 0FF2F5D12C3FC7F100224D50 /* Sejong_Domitory */;
			targetProxy = 0FF2F5ED2C3FC7F200224D50 /* PBXContainerItemProxy */;
		};
/* End PBXTargetDependency section */

/* Begin XCBuildConfiguration section */
		0FF2F5F42C3FC7F200224D50 /* Debug */ = {
			isa = XCBuildConfiguration;
			buildSettings = {
				ALWAYS_SEARCH_USER_PATHS = NO;
				ASSETCATALOG_COMPILER_GENERATE_SWIFT_ASSET_SYMBOL_EXTENSIONS = YES;
				CLANG_ANALYZER_NONNULL = YES;
				CLANG_ANALYZER_NUMBER_OBJECT_CONVERSION = YES_AGGRESSIVE;
				CLANG_CXX_LANGUAGE_STANDARD = "gnu++20";
				CLANG_ENABLE_MODULES = YES;
				CLANG_ENABLE_OBJC_ARC = YES;
				CLANG_ENABLE_OBJC_WEAK = YES;
				CLANG_WARN_BLOCK_CAPTURE_AUTORELEASING = YES;
				CLANG_WARN_BOOL_CONVERSION = YES;
				CLANG_WARN_COMMA = YES;
				CLANG_WARN_CONSTANT_CONVERSION = YES;
				CLANG_WARN_DEPRECATED_OBJC_IMPLEMENTATIONS = YES;
				CLANG_WARN_DIRECT_OBJC_ISA_USAGE = YES_ERROR;
				CLANG_WARN_DOCUMENTATION_COMMENTS = YES;
				CLANG_WARN_EMPTY_BODY = YES;
				CLANG_WARN_ENUM_CONVERSION = YES;
				CLANG_WARN_INFINITE_RECURSION = YES;
				CLANG_WARN_INT_CONVERSION = YES;
				CLANG_WARN_NON_LITERAL_NULL_CONVERSION = YES;
				CLANG_WARN_OBJC_IMPLICIT_RETAIN_SELF = YES;
				CLANG_WARN_OBJC_LITERAL_CONVERSION = YES;
				CLANG_WARN_OBJC_ROOT_CLASS = YES_ERROR;
				CLANG_WARN_QUOTED_INCLUDE_IN_FRAMEWORK_HEADER = YES;
				CLANG_WARN_RANGE_LOOP_ANALYSIS = YES;
				CLANG_WARN_STRICT_PROTOTYPES = YES;
				CLANG_WARN_SUSPICIOUS_MOVE = YES;
				CLANG_WARN_UNGUARDED_AVAILABILITY = YES_AGGRESSIVE;
				CLANG_WARN_UNREACHABLE_CODE = YES;
				CLANG_WARN__DUPLICATE_METHOD_MATCH = YES;
				COPY_PHASE_STRIP = NO;
				DEBUG_INFORMATION_FORMAT = dwarf;
				ENABLE_STRICT_OBJC_MSGSEND = YES;
				ENABLE_TESTABILITY = YES;
				ENABLE_USER_SCRIPT_SANDBOXING = YES;
				GCC_C_LANGUAGE_STANDARD = gnu17;
				GCC_DYNAMIC_NO_PIC = NO;
				GCC_NO_COMMON_BLOCKS = YES;
				GCC_OPTIMIZATION_LEVEL = 0;
				GCC_PREPROCESSOR_DEFINITIONS = (
					"DEBUG=1",
					"$(inherited)",
				);
				GCC_WARN_64_TO_32_BIT_CONVERSION = YES;
				GCC_WARN_ABOUT_RETURN_TYPE = YES_ERROR;
				GCC_WARN_UNDECLARED_SELECTOR = YES;
				GCC_WARN_UNINITIALIZED_AUTOS = YES_AGGRESSIVE;
				GCC_WARN_UNUSED_FUNCTION = YES;
				GCC_WARN_UNUSED_VARIABLE = YES;
				IPHONEOS_DEPLOYMENT_TARGET = 17.2;
				LOCALIZATION_PREFERS_STRING_CATALOGS = YES;
				MTL_ENABLE_DEBUG_INFO = INCLUDE_SOURCE;
				MTL_FAST_MATH = YES;
				ONLY_ACTIVE_ARCH = YES;
				SDKROOT = iphoneos;
				SWIFT_ACTIVE_COMPILATION_CONDITIONS = "DEBUG $(inherited)";
				SWIFT_OPTIMIZATION_LEVEL = "-Onone";
			};
			name = Debug;
		};
		0FF2F5F52C3FC7F200224D50 /* Release */ = {
			isa = XCBuildConfiguration;
			buildSettings = {
				ALWAYS_SEARCH_USER_PATHS = NO;
				ASSETCATALOG_COMPILER_GENERATE_SWIFT_ASSET_SYMBOL_EXTENSIONS = YES;
				CLANG_ANALYZER_NONNULL = YES;
				CLANG_ANALYZER_NUMBER_OBJECT_CONVERSION = YES_AGGRESSIVE;
				CLANG_CXX_LANGUAGE_STANDARD = "gnu++20";
				CLANG_ENABLE_MODULES = YES;
				CLANG_ENABLE_OBJC_ARC = YES;
				CLANG_ENABLE_OBJC_WEAK = YES;
				CLANG_WARN_BLOCK_CAPTURE_AUTORELEASING = YES;
				CLANG_WARN_BOOL_CONVERSION = YES;
				CLANG_WARN_COMMA = YES;
				CLANG_WARN_CONSTANT_CONVERSION = YES;
				CLANG_WARN_DEPRECATED_OBJC_IMPLEMENTATIONS = YES;
				CLANG_WARN_DIRECT_OBJC_ISA_USAGE = YES_ERROR;
				CLANG_WARN_DOCUMENTATION_COMMENTS = YES;
				CLANG_WARN_EMPTY_BODY = YES;
				CLANG_WARN_ENUM_CONVERSION = YES;
				CLANG_WARN_INFINITE_RECURSION = YES;
				CLANG_WARN_INT_CONVERSION = YES;
				CLANG_WARN_NON_LITERAL_NULL_CONVERSION = YES;
				CLANG_WARN_OBJC_IMPLICIT_RETAIN_SELF = YES;
				CLANG_WARN_OBJC_LITERAL_CONVERSION = YES;
				CLANG_WARN_OBJC_ROOT_CLASS = YES_ERROR;
				CLANG_WARN_QUOTED_INCLUDE_IN_FRAMEWORK_HEADER = YES;
				CLANG_WARN_RANGE_LOOP_ANALYSIS = YES;
				CLANG_WARN_STRICT_PROTOTYPES = YES;
				CLANG_WARN_SUSPICIOUS_MOVE = YES;
				CLANG_WARN_UNGUARDED_AVAILABILITY = YES_AGGRESSIVE;
				CLANG_WARN_UNREACHABLE_CODE = YES;
				CLANG_WARN__DUPLICATE_METHOD_MATCH = YES;
				COPY_PHASE_STRIP = NO;
				DEBUG_INFORMATION_FORMAT = "dwarf-with-dsym";
				ENABLE_NS_ASSERTIONS = NO;
				ENABLE_STRICT_OBJC_MSGSEND = YES;
				ENABLE_USER_SCRIPT_SANDBOXING = YES;
				GCC_C_LANGUAGE_STANDARD = gnu17;
				GCC_NO_COMMON_BLOCKS = YES;
				GCC_WARN_64_TO_32_BIT_CONVERSION = YES;
				GCC_WARN_ABOUT_RETURN_TYPE = YES_ERROR;
				GCC_WARN_UNDECLARED_SELECTOR = YES;
				GCC_WARN_UNINITIALIZED_AUTOS = YES_AGGRESSIVE;
				GCC_WARN_UNUSED_FUNCTION = YES;
				GCC_WARN_UNUSED_VARIABLE = YES;
				IPHONEOS_DEPLOYMENT_TARGET = 17.2;
				LOCALIZATION_PREFERS_STRING_CATALOGS = YES;
				MTL_ENABLE_DEBUG_INFO = NO;
				MTL_FAST_MATH = YES;
				SDKROOT = iphoneos;
				SWIFT_COMPILATION_MODE = wholemodule;
				VALIDATE_PRODUCT = YES;
			};
			name = Release;
		};
		0FF2F5F72C3FC7F200224D50 /* Debug */ = {
			isa = XCBuildConfiguration;
			buildSettings = {
				ASSETCATALOG_COMPILER_APPICON_NAME = AppIcon;
				ASSETCATALOG_COMPILER_GLOBAL_ACCENT_COLOR_NAME = AccentColor;
				CODE_SIGN_STYLE = Automatic;
				CURRENT_PROJECT_VERSION = 1;
				DEVELOPMENT_ASSET_PATHS = "\"Sejong_Domitory/Preview Content\"";
				DEVELOPMENT_TEAM = 89CUP3B44N;
				ENABLE_PREVIEWS = YES;
				GENERATE_INFOPLIST_FILE = YES;
				INFOPLIST_KEY_UIApplicationSceneManifest_Generation = YES;
				INFOPLIST_KEY_UIApplicationSupportsIndirectInputEvents = YES;
				INFOPLIST_KEY_UILaunchScreen_Generation = YES;
				INFOPLIST_KEY_UISupportedInterfaceOrientations_iPad = "UIInterfaceOrientationPortrait UIInterfaceOrientationPortraitUpsideDown UIInterfaceOrientationLandscapeLeft UIInterfaceOrientationLandscapeRight";
				INFOPLIST_KEY_UISupportedInterfaceOrientations_iPhone = UIInterfaceOrientationPortrait;
				LD_RUNPATH_SEARCH_PATHS = (
					"$(inherited)",
					"@executable_path/Frameworks",
				);
				MARKETING_VERSION = 1.0;
				PRODUCT_BUNDLE_IDENTIFIER = "neaimt.Sejong-Domitory";
				PRODUCT_NAME = "$(TARGET_NAME)";
				SWIFT_EMIT_LOC_STRINGS = YES;
				SWIFT_VERSION = 5.0;
				TARGETED_DEVICE_FAMILY = "1,2";
			};
			name = Debug;
		};
		0FF2F5F82C3FC7F200224D50 /* Release */ = {
			isa = XCBuildConfiguration;
			buildSettings = {
				ASSETCATALOG_COMPILER_APPICON_NAME = AppIcon;
				ASSETCATALOG_COMPILER_GLOBAL_ACCENT_COLOR_NAME = AccentColor;
				CODE_SIGN_STYLE = Automatic;
				CURRENT_PROJECT_VERSION = 1;
				DEVELOPMENT_ASSET_PATHS = "\"Sejong_Domitory/Preview Content\"";
				DEVELOPMENT_TEAM = 89CUP3B44N;
				ENABLE_PREVIEWS = YES;
				GENERATE_INFOPLIST_FILE = YES;
				INFOPLIST_KEY_UIApplicationSceneManifest_Generation = YES;
				INFOPLIST_KEY_UIApplicationSupportsIndirectInputEvents = YES;
				INFOPLIST_KEY_UILaunchScreen_Generation = YES;
				INFOPLIST_KEY_UISupportedInterfaceOrientations_iPad = "UIInterfaceOrientationPortrait UIInterfaceOrientationPortraitUpsideDown UIInterfaceOrientationLandscapeLeft UIInterfaceOrientationLandscapeRight";
				INFOPLIST_KEY_UISupportedInterfaceOrientations_iPhone = UIInterfaceOrientationPortrait;
				LD_RUNPATH_SEARCH_PATHS = (
					"$(inherited)",
					"@executable_path/Frameworks",
				);
				MARKETING_VERSION = 1.0;
				PRODUCT_BUNDLE_IDENTIFIER = "neaimt.Sejong-Domitory";
				PRODUCT_NAME = "$(TARGET_NAME)";
				SWIFT_EMIT_LOC_STRINGS = YES;
				SWIFT_VERSION = 5.0;
				TARGETED_DEVICE_FAMILY = "1,2";
			};
			name = Release;
		};
		0FF2F5FA2C3FC7F200224D50 /* Debug */ = {
			isa = XCBuildConfiguration;
			buildSettings = {
				ALWAYS_EMBED_SWIFT_STANDARD_LIBRARIES = YES;
				BUNDLE_LOADER = "$(TEST_HOST)";
				CODE_SIGN_STYLE = Automatic;
				CURRENT_PROJECT_VERSION = 1;
				DEVELOPMENT_TEAM = 89CUP3B44N;
				GENERATE_INFOPLIST_FILE = YES;
				IPHONEOS_DEPLOYMENT_TARGET = 17.2;
				MARKETING_VERSION = 1.0;
				PRODUCT_BUNDLE_IDENTIFIER = "neaimt.Sejong-DomitoryTests";
				PRODUCT_NAME = "$(TARGET_NAME)";
				SWIFT_EMIT_LOC_STRINGS = NO;
				SWIFT_VERSION = 5.0;
				TARGETED_DEVICE_FAMILY = "1,2";
				TEST_HOST = "$(BUILT_PRODUCTS_DIR)/Sejong_Domitory.app/$(BUNDLE_EXECUTABLE_FOLDER_PATH)/Sejong_Domitory";
			};
			name = Debug;
		};
		0FF2F5FB2C3FC7F200224D50 /* Release */ = {
			isa = XCBuildConfiguration;
			buildSettings = {
				ALWAYS_EMBED_SWIFT_STANDARD_LIBRARIES = YES;
				BUNDLE_LOADER = "$(TEST_HOST)";
				CODE_SIGN_STYLE = Automatic;
				CURRENT_PROJECT_VERSION = 1;
				DEVELOPMENT_TEAM = 89CUP3B44N;
				GENERATE_INFOPLIST_FILE = YES;
				IPHONEOS_DEPLOYMENT_TARGET = 17.2;
				MARKETING_VERSION = 1.0;
				PRODUCT_BUNDLE_IDENTIFIER = "neaimt.Sejong-DomitoryTests";
				PRODUCT_NAME = "$(TARGET_NAME)";
				SWIFT_EMIT_LOC_STRINGS = NO;
				SWIFT_VERSION = 5.0;
				TARGETED_DEVICE_FAMILY = "1,2";
				TEST_HOST = "$(BUILT_PRODUCTS_DIR)/Sejong_Domitory.app/$(BUNDLE_EXECUTABLE_FOLDER_PATH)/Sejong_Domitory";
			};
			name = Release;
		};
		0FF2F5FD2C3FC7F200224D50 /* Debug */ = {
			isa = XCBuildConfiguration;
			buildSettings = {
				ALWAYS_EMBED_SWIFT_STANDARD_LIBRARIES = YES;
				CODE_SIGN_STYLE = Automatic;
				CURRENT_PROJECT_VERSION = 1;
				DEVELOPMENT_TEAM = 89CUP3B44N;
				GENERATE_INFOPLIST_FILE = YES;
				MARKETING_VERSION = 1.0;
				PRODUCT_BUNDLE_IDENTIFIER = "neaimt.Sejong-DomitoryUITests";
				PRODUCT_NAME = "$(TARGET_NAME)";
				SWIFT_EMIT_LOC_STRINGS = NO;
				SWIFT_VERSION = 5.0;
				TARGETED_DEVICE_FAMILY = "1,2";
				TEST_TARGET_NAME = Sejong_Domitory;
			};
			name = Debug;
		};
		0FF2F5FE2C3FC7F200224D50 /* Release */ = {
			isa = XCBuildConfiguration;
			buildSettings = {
				ALWAYS_EMBED_SWIFT_STANDARD_LIBRARIES = YES;
				CODE_SIGN_STYLE = Automatic;
				CURRENT_PROJECT_VERSION = 1;
				DEVELOPMENT_TEAM = 89CUP3B44N;
				GENERATE_INFOPLIST_FILE = YES;
				MARKETING_VERSION = 1.0;
				PRODUCT_BUNDLE_IDENTIFIER = "neaimt.Sejong-DomitoryUITests";
				PRODUCT_NAME = "$(TARGET_NAME)";
				SWIFT_EMIT_LOC_STRINGS = NO;
				SWIFT_VERSION = 5.0;
				TARGETED_DEVICE_FAMILY = "1,2";
				TEST_TARGET_NAME = Sejong_Domitory;
			};
			name = Release;
		};
/* End XCBuildConfiguration section */

/* Begin XCConfigurationList section */
		0FF2F5CD2C3FC7F100224D50 /* Build configuration list for PBXProject "Sejong_Domitory" */ = {
			isa = XCConfigurationList;
			buildConfigurations = (
				0FF2F5F42C3FC7F200224D50 /* Debug */,
				0FF2F5F52C3FC7F200224D50 /* Release */,
			);
			defaultConfigurationIsVisible = 0;
			defaultConfigurationName = Release;
		};
		0FF2F5F62C3FC7F200224D50 /* Build configuration list for PBXNativeTarget "Sejong_Domitory" */ = {
			isa = XCConfigurationList;
			buildConfigurations = (
				0FF2F5F72C3FC7F200224D50 /* Debug */,
				0FF2F5F82C3FC7F200224D50 /* Release */,
			);
			defaultConfigurationIsVisible = 0;
			defaultConfigurationName = Release;
		};
		0FF2F5F92C3FC7F200224D50 /* Build configuration list for PBXNativeTarget "Sejong_DomitoryTests" */ = {
			isa = XCConfigurationList;
			buildConfigurations = (
				0FF2F5FA2C3FC7F200224D50 /* Debug */,
				0FF2F5FB2C3FC7F200224D50 /* Release */,
			);
			defaultConfigurationIsVisible = 0;
			defaultConfigurationName = Release;
		};
		0FF2F5FC2C3FC7F200224D50 /* Build configuration list for PBXNativeTarget "Sejong_DomitoryUITests" */ = {
			isa = XCConfigurationList;
			buildConfigurations = (
				0FF2F5FD2C3FC7F200224D50 /* Debug */,
				0FF2F5FE2C3FC7F200224D50 /* Release */,
			);
			defaultConfigurationIsVisible = 0;
			defaultConfigurationName = Release;
		};
/* End XCConfigurationList section */

/* Begin XCRemoteSwiftPackageReference section */
		0FA352532C4107DA0050090F /* XCRemoteSwiftPackageReference "swift-composable-architecture" */ = {
			isa = XCRemoteSwiftPackageReference;
			repositoryURL = "https://github.com/pointfreeco/swift-composable-architecture";
			requirement = {
				kind = upToNextMajorVersion;
				minimumVersion = 1.11.2;
			};
		};
/* End XCRemoteSwiftPackageReference section */

/* Begin XCSwiftPackageProductDependency section */
		0FA352542C4107DA0050090F /* ComposableArchitecture */ = {
			isa = XCSwiftPackageProductDependency;
			package = 0FA352532C4107DA0050090F /* XCRemoteSwiftPackageReference "swift-composable-architecture" */;
			productName = ComposableArchitecture;
		};
/* End XCSwiftPackageProductDependency section */
	};
	rootObject = 0FF2F5CA2C3FC7F100224D50 /* Project object */;
}
